
Microsoft Visual Studio Solution File, Format Version 12.00
# Visual Studio Version 16
VisualStudioVersion = 16.0.29519.181
MinimumVisualStudioVersion = 10.0.40219.1
Project("{FAE04EC0-301F-11D3-BF4B-00C04F79EFBC}") = "Books", "Books.csproj", "{E78980DC-6938-4C06-AFA9-7907EC64573F}"
EndProject
Global
	GlobalSection(SolutionConfigurationPlatforms) = preSolution
		Debug|Any CPU = Debug|Any CPU
		Release|Any CPU = Release|Any CPU
	EndGlobalSection
	GlobalSection(ProjectConfigurationPlatforms) = postSolution
		{E78980DC-6938-4C06-AFA9-7907EC64573F}.Debug|Any CPU.ActiveCfg = Debug|Any CPU
		{E78980DC-6938-4C06-AFA9-7907EC64573F}.Debug|Any CPU.Build.0 = Debug|Any CPU
		{E78980DC-6938-4C06-AFA9-7907EC64573F}.Release|Any CPU.ActiveCfg = Release|Any CPU
		{E78980DC-6938-4C06-AFA9-7907EC64573F}.Release|Any CPU.Build.0 = Release|Any CPU
	EndGlobalSection
	GlobalSection(SolutionProperties) = preSolution
		HideSolutionNode = FALSE
	EndGlobalSection
	GlobalSection(ExtensibilityGlobals) = postSolution
		SolutionGuid = {9E473B35-9FF8-4694-9953-8F52E0BB2B95}
	EndGlobalSection
EndGlobal
